// !$*UTF8*$!
{
	archiveVersion = 1;
	classes = {
	};
	objectVersion = 46;
	objects = {

/* Begin PBXBuildFile section */
		6F1E0EEA1E9F2B1215A39FCF /* Pods_WordCrusher.framework in Frameworks */ = {isa = PBXBuildFile; fileRef = 30F6AF43F9EEBD1A886F7ABE /* Pods_WordCrusher.framework */; };
		C782CC921EF97830003E6E49 /* AppDelegate.swift in Sources */ = {isa = PBXBuildFile; fileRef = C782CC911EF97830003E6E49 /* AppDelegate.swift */; };
		C782CC941EF97830003E6E49 /* ViewController.swift in Sources */ = {isa = PBXBuildFile; fileRef = C782CC931EF97830003E6E49 /* ViewController.swift */; };
		C782CC961EF97830003E6E49 /* Assets.xcassets in Resources */ = {isa = PBXBuildFile; fileRef = C782CC951EF97830003E6E49 /* Assets.xcassets */; };
		C782CC991EF97830003E6E49 /* Main.storyboard in Resources */ = {isa = PBXBuildFile; fileRef = C782CC971EF97830003E6E49 /* Main.storyboard */; };
		C7EFEEA41EF97A42008D2F78 /* WordCrusherTests.swift in Sources */ = {isa = PBXBuildFile; fileRef = C7EFEEA31EF97A42008D2F78 /* WordCrusherTests.swift */; };
/* End PBXBuildFile section */

/* Begin PBXContainerItemProxy section */
		C7EFEEA61EF97A42008D2F78 /* PBXContainerItemProxy */ = {
			isa = PBXContainerItemProxy;
			containerPortal = C782CC861EF97830003E6E49 /* Project object */;
			proxyType = 1;
			remoteGlobalIDString = C782CC8D1EF97830003E6E49;
			remoteInfo = WordCrusher;
		};
/* End PBXContainerItemProxy section */

/* Begin PBXFileReference section */
		12FF4C32E586CA0F1E13CD96 /* Pods-WordCrusher.release.xcconfig */ = {isa = PBXFileReference; includeInIndex = 1; lastKnownFileType = text.xcconfig; name = "Pods-WordCrusher.release.xcconfig"; path = "Pods/Target Support Files/Pods-WordCrusher/Pods-WordCrusher.release.xcconfig"; sourceTree = "<group>"; };
		30F6AF43F9EEBD1A886F7ABE /* Pods_WordCrusher.framework */ = {isa = PBXFileReference; explicitFileType = wrapper.framework; includeInIndex = 0; path = Pods_WordCrusher.framework; sourceTree = BUILT_PRODUCTS_DIR; };
		C782CC8E1EF97830003E6E49 /* WordCrusher.app */ = {isa = PBXFileReference; explicitFileType = wrapper.application; includeInIndex = 0; path = WordCrusher.app; sourceTree = BUILT_PRODUCTS_DIR; };
		C782CC911EF97830003E6E49 /* AppDelegate.swift */ = {isa = PBXFileReference; lastKnownFileType = sourcecode.swift; path = AppDelegate.swift; sourceTree = "<group>"; };
		C782CC931EF97830003E6E49 /* ViewController.swift */ = {isa = PBXFileReference; lastKnownFileType = sourcecode.swift; path = ViewController.swift; sourceTree = "<group>"; };
		C782CC951EF97830003E6E49 /* Assets.xcassets */ = {isa = PBXFileReference; lastKnownFileType = folder.assetcatalog; path = Assets.xcassets; sourceTree = "<group>"; };
		C782CC981EF97830003E6E49 /* Base */ = {isa = PBXFileReference; lastKnownFileType = file.storyboard; name = Base; path = Base.lproj/Main.storyboard; sourceTree = "<group>"; };
		C782CC9A1EF97830003E6E49 /* Info.plist */ = {isa = PBXFileReference; lastKnownFileType = text.plist.xml; path = Info.plist; sourceTree = "<group>"; };
		C7EFEEA11EF97A42008D2F78 /* WordCrusherTests.xctest */ = {isa = PBXFileReference; explicitFileType = wrapper.cfbundle; includeInIndex = 0; path = WordCrusherTests.xctest; sourceTree = BUILT_PRODUCTS_DIR; };
		C7EFEEA31EF97A42008D2F78 /* WordCrusherTests.swift */ = {isa = PBXFileReference; lastKnownFileType = sourcecode.swift; path = WordCrusherTests.swift; sourceTree = "<group>"; };
		C7EFEEA51EF97A42008D2F78 /* Info.plist */ = {isa = PBXFileReference; lastKnownFileType = text.plist.xml; path = Info.plist; sourceTree = "<group>"; };
		EF09A1FFCDFD91A842B8BD4D /* Pods-WordCrusher.debug.xcconfig */ = {isa = PBXFileReference; includeInIndex = 1; lastKnownFileType = text.xcconfig; name = "Pods-WordCrusher.debug.xcconfig"; path = "Pods/Target Support Files/Pods-WordCrusher/Pods-WordCrusher.debug.xcconfig"; sourceTree = "<group>"; };
/* End PBXFileReference section */

/* Begin PBXFrameworksBuildPhase section */
		C782CC8B1EF97830003E6E49 /* Frameworks */ = {
			isa = PBXFrameworksBuildPhase;
			buildActionMask = 2147483647;
			files = (
				6F1E0EEA1E9F2B1215A39FCF /* Pods_WordCrusher.framework in Frameworks */,
			);
			runOnlyForDeploymentPostprocessing = 0;
		};
		C7EFEE9E1EF97A42008D2F78 /* Frameworks */ = {
			isa = PBXFrameworksBuildPhase;
			buildActionMask = 2147483647;
			files = (
			);
			runOnlyForDeploymentPostprocessing = 0;
		};
/* End PBXFrameworksBuildPhase section */

/* Begin PBXGroup section */
		644CEE158F2BEE3CF9B2ACA9 /* Pods */ = {
			isa = PBXGroup;
			children = (
				EF09A1FFCDFD91A842B8BD4D /* Pods-WordCrusher.debug.xcconfig */,
				12FF4C32E586CA0F1E13CD96 /* Pods-WordCrusher.release.xcconfig */,
			);
			name = Pods;
			sourceTree = "<group>";
		};
		C782CC851EF97830003E6E49 = {
			isa = PBXGroup;
			children = (
				C782CC901EF97830003E6E49 /* WordCrusher */,
				C7EFEEA21EF97A42008D2F78 /* WordCrusherTests */,
				C782CC8F1EF97830003E6E49 /* Products */,
				644CEE158F2BEE3CF9B2ACA9 /* Pods */,
				DCEAB746EEA7112CCFF101C1 /* Frameworks */,
			);
			sourceTree = "<group>";
		};
		C782CC8F1EF97830003E6E49 /* Products */ = {
			isa = PBXGroup;
			children = (
				C782CC8E1EF97830003E6E49 /* WordCrusher.app */,
				C7EFEEA11EF97A42008D2F78 /* WordCrusherTests.xctest */,
			);
			name = Products;
			sourceTree = "<group>";
		};
		C782CC901EF97830003E6E49 /* WordCrusher */ = {
			isa = PBXGroup;
			children = (
				C782CC911EF97830003E6E49 /* AppDelegate.swift */,
				C782CC931EF97830003E6E49 /* ViewController.swift */,
				C782CC951EF97830003E6E49 /* Assets.xcassets */,
				C782CC971EF97830003E6E49 /* Main.storyboard */,
				C782CC9A1EF97830003E6E49 /* Info.plist */,
			);
			path = WordCrusher;
			sourceTree = "<group>";
		};
		C7EFEEA21EF97A42008D2F78 /* WordCrusherTests */ = {
			isa = PBXGroup;
			children = (
				C7EFEEA31EF97A42008D2F78 /* WordCrusherTests.swift */,
				C7EFEEA51EF97A42008D2F78 /* Info.plist */,
			);
			path = WordCrusherTests;
			sourceTree = "<group>";
		};
		DCEAB746EEA7112CCFF101C1 /* Frameworks */ = {
			isa = PBXGroup;
			children = (
				30F6AF43F9EEBD1A886F7ABE /* Pods_WordCrusher.framework */,
			);
			name = Frameworks;
			sourceTree = "<group>";
		};
/* End PBXGroup section */

/* Begin PBXNativeTarget section */
		C782CC8D1EF97830003E6E49 /* WordCrusher */ = {
			isa = PBXNativeTarget;
			buildConfigurationList = C782CC9D1EF97830003E6E49 /* Build configuration list for PBXNativeTarget "WordCrusher" */;
			buildPhases = (
				B07FFF4898FE6C3AD0AC78D8 /* [CP] Check Pods Manifest.lock */,
				C782CC8A1EF97830003E6E49 /* Sources */,
				C782CC8B1EF97830003E6E49 /* Frameworks */,
				C782CC8C1EF97830003E6E49 /* Resources */,
				BC739231782FD9A431A8B38F /* [CP] Embed Pods Frameworks */,
				DDB5F7139F22B522ED808B8C /* [CP] Copy Pods Resources */,
			);
			buildRules = (
			);
			dependencies = (
			);
			name = WordCrusher;
			productName = WordCrusher;
			productReference = C782CC8E1EF97830003E6E49 /* WordCrusher.app */;
			productType = "com.apple.product-type.application";
		};
		C7EFEEA01EF97A42008D2F78 /* WordCrusherTests */ = {
			isa = PBXNativeTarget;
			buildConfigurationList = C7EFEEAA1EF97A42008D2F78 /* Build configuration list for PBXNativeTarget "WordCrusherTests" */;
			buildPhases = (
				C7EFEE9D1EF97A42008D2F78 /* Sources */,
				C7EFEE9E1EF97A42008D2F78 /* Frameworks */,
				C7EFEE9F1EF97A42008D2F78 /* Resources */,
			);
			buildRules = (
			);
			dependencies = (
				C7EFEEA71EF97A42008D2F78 /* PBXTargetDependency */,
			);
			name = WordCrusherTests;
			productName = WordCrusherTests;
			productReference = C7EFEEA11EF97A42008D2F78 /* WordCrusherTests.xctest */;
			productType = "com.apple.product-type.bundle.unit-test";
		};
/* End PBXNativeTarget section */

/* Begin PBXProject section */
		C782CC861EF97830003E6E49 /* Project object */ = {
			isa = PBXProject;
			attributes = {
				LastSwiftUpdateCheck = 0830;
				LastUpgradeCheck = 0830;
				ORGANIZATIONNAME = "George Madrid";
				TargetAttributes = {
					C782CC8D1EF97830003E6E49 = {
						CreatedOnToolsVersion = 8.3.2;
						ProvisioningStyle = Automatic;
					};
					C7EFEEA01EF97A42008D2F78 = {
						CreatedOnToolsVersion = 8.3.2;
						ProvisioningStyle = Automatic;
						TestTargetID = C782CC8D1EF97830003E6E49;
					};
				};
			};
			buildConfigurationList = C782CC891EF97830003E6E49 /* Build configuration list for PBXProject "WordCrusher" */;
			compatibilityVersion = "Xcode 3.2";
			developmentRegion = English;
			hasScannedForEncodings = 0;
			knownRegions = (
				en,
				Base,
			);
			mainGroup = C782CC851EF97830003E6E49;
			productRefGroup = C782CC8F1EF97830003E6E49 /* Products */;
			projectDirPath = "";
			projectRoot = "";
			targets = (
				C782CC8D1EF97830003E6E49 /* WordCrusher */,
				C7EFEEA01EF97A42008D2F78 /* WordCrusherTests */,
			);
		};
/* End PBXProject section */

/* Begin PBXResourcesBuildPhase section */
		C782CC8C1EF97830003E6E49 /* Resources */ = {
			isa = PBXResourcesBuildPhase;
			buildActionMask = 2147483647;
			files = (
				C782CC961EF97830003E6E49 /* Assets.xcassets in Resources */,
				C782CC991EF97830003E6E49 /* Main.storyboard in Resources */,
			);
			runOnlyForDeploymentPostprocessing = 0;
		};
		C7EFEE9F1EF97A42008D2F78 /* Resources */ = {
			isa = PBXResourcesBuildPhase;
			buildActionMask = 2147483647;
			files = (
			);
			runOnlyForDeploymentPostprocessing = 0;
		};
/* End PBXResourcesBuildPhase section */

/* Begin PBXShellScriptBuildPhase section */
		B07FFF4898FE6C3AD0AC78D8 /* [CP] Check Pods Manifest.lock */ = {
			isa = PBXShellScriptBuildPhase;
			buildActionMask = 2147483647;
			files = (
			);
			inputPaths = (
			);
			name = "[CP] Check Pods Manifest.lock";
			outputPaths = (
			);
			runOnlyForDeploymentPostprocessing = 0;
			shellPath = /bin/sh;
			shellScript = "diff \"${PODS_PODFILE_DIR_PATH}/Podfile.lock\" \"${PODS_ROOT}/Manifest.lock\" > /dev/null\nif [ $? != 0 ] ; then\n    # print error to STDERR\n    echo \"error: The sandbox is not in sync with the Podfile.lock. Run 'pod install' or update your CocoaPods installation.\" >&2\n    exit 1\nfi\n";
			showEnvVarsInLog = 0;
		};
		BC739231782FD9A431A8B38F /* [CP] Embed Pods Frameworks */ = {
			isa = PBXShellScriptBuildPhase;
			buildActionMask = 2147483647;
			files = (
			);
			inputPaths = (
			);
			name = "[CP] Embed Pods Frameworks";
			outputPaths = (
			);
			runOnlyForDeploymentPostprocessing = 0;
			shellPath = /bin/sh;
			shellScript = "\"${SRCROOT}/Pods/Target Support Files/Pods-WordCrusher/Pods-WordCrusher-frameworks.sh\"\n";
			showEnvVarsInLog = 0;
		};
		DDB5F7139F22B522ED808B8C /* [CP] Copy Pods Resources */ = {
			isa = PBXShellScriptBuildPhase;
			buildActionMask = 2147483647;
			files = (
			);
			inputPaths = (
			);
			name = "[CP] Copy Pods Resources";
			outputPaths = (
			);
			runOnlyForDeploymentPostprocessing = 0;
			shellPath = /bin/sh;
			shellScript = "\"${SRCROOT}/Pods/Target Support Files/Pods-WordCrusher/Pods-WordCrusher-resources.sh\"\n";
			showEnvVarsInLog = 0;
		};
/* End PBXShellScriptBuildPhase section */

/* Begin PBXSourcesBuildPhase section */
		C782CC8A1EF97830003E6E49 /* Sources */ = {
			isa = PBXSourcesBuildPhase;
			buildActionMask = 2147483647;
			files = (
				C782CC941EF97830003E6E49 /* ViewController.swift in Sources */,
				C782CC921EF97830003E6E49 /* AppDelegate.swift in Sources */,
			);
			runOnlyForDeploymentPostprocessing = 0;
		};
		C7EFEE9D1EF97A42008D2F78 /* Sources */ = {
			isa = PBXSourcesBuildPhase;
			buildActionMask = 2147483647;
			files = (
				C7EFEEA41EF97A42008D2F78 /* WordCrusherTests.swift in Sources */,
			);
			runOnlyForDeploymentPostprocessing = 0;
		};
/* End PBXSourcesBuildPhase section */

/* Begin PBXTargetDependency section */
		C7EFEEA71EF97A42008D2F78 /* PBXTargetDependency */ = {
			isa = PBXTargetDependency;
			target = C782CC8D1EF97830003E6E49 /* WordCrusher */;
			targetProxy = C7EFEEA61EF97A42008D2F78 /* PBXContainerItemProxy */;
		};
/* End PBXTargetDependency section */

/* Begin PBXVariantGroup section */
		C782CC971EF97830003E6E49 /* Main.storyboard */ = {
			isa = PBXVariantGroup;
			children = (
				C782CC981EF97830003E6E49 /* Base */,
			);
			name = Main.storyboard;
			sourceTree = "<group>";
		};
/* End PBXVariantGroup section */

/* Begin XCBuildConfiguration section */
		C782CC9B1EF97830003E6E49 /* Debug */ = {
			isa = XCBuildConfiguration;
			buildSettings = {
				ALWAYS_SEARCH_USER_PATHS = NO;
				CLANG_ANALYZER_NONNULL = YES;
				CLANG_ANALYZER_NUMBER_OBJECT_CONVERSION = YES_AGGRESSIVE;
				CLANG_CXX_LANGUAGE_STANDARD = "gnu++0x";
				CLANG_CXX_LIBRARY = "libc++";
				CLANG_ENABLE_MODULES = YES;
				CLANG_ENABLE_OBJC_ARC = YES;
				CLANG_WARN_BOOL_CONVERSION = YES;
				CLANG_WARN_CONSTANT_CONVERSION = YES;
				CLANG_WARN_DIRECT_OBJC_ISA_USAGE = YES_ERROR;
				CLANG_WARN_DOCUMENTATION_COMMENTS = YES;
				CLANG_WARN_EMPTY_BODY = YES;
				CLANG_WARN_ENUM_CONVERSION = YES;
				CLANG_WARN_INFINITE_RECURSION = YES;
				CLANG_WARN_INT_CONVERSION = YES;
				CLANG_WARN_OBJC_ROOT_CLASS = YES_ERROR;
				CLANG_WARN_SUSPICIOUS_MOVE = YES;
				CLANG_WARN_UNREACHABLE_CODE = YES;
				CLANG_WARN__DUPLICATE_METHOD_MATCH = YES;
				CODE_SIGN_IDENTITY = "-";
				COPY_PHASE_STRIP = NO;
				DEBUG_INFORMATION_FORMAT = dwarf;
				ENABLE_STRICT_OBJC_MSGSEND = YES;
				ENABLE_TESTABILITY = YES;
				GCC_C_LANGUAGE_STANDARD = gnu99;
				GCC_DYNAMIC_NO_PIC = NO;
				GCC_NO_COMMON_BLOCKS = YES;
				GCC_OPTIMIZATION_LEVEL = 0;
				GCC_PREPROCESSOR_DEFINITIONS = (
					"DEBUG=1",
					"$(inherited)",
				);
				GCC_WARN_64_TO_32_BIT_CONVERSION = YES;
				GCC_WARN_ABOUT_RETURN_TYPE = YES_ERROR;
				GCC_WARN_UNDECLARED_SELECTOR = YES;
				GCC_WARN_UNINITIALIZED_AUTOS = YES_AGGRESSIVE;
				GCC_WARN_UNUSED_FUNCTION = YES;
				GCC_WARN_UNUSED_VARIABLE = YES;
				MACOSX_DEPLOYMENT_TARGET = 10.12;
				MTL_ENABLE_DEBUG_INFO = YES;
				ONLY_ACTIVE_ARCH = YES;
				SDKROOT = macosx;
				SWIFT_ACTIVE_COMPILATION_CONDITIONS = DEBUG;
				SWIFT_OPTIMIZATION_LEVEL = "-Onone";
			};
			name = Debug;
		};
		C782CC9C1EF97830003E6E49 /* Release */ = {
			isa = XCBuildConfiguration;
			buildSettings = {
				ALWAYS_SEARCH_USER_PATHS = NO;
				CLANG_ANALYZER_NONNULL = YES;
				CLANG_ANALYZER_NUMBER_OBJECT_CONVERSION = YES_AGGRESSIVE;
				CLANG_CXX_LANGUAGE_STANDARD = "gnu++0x";
				CLANG_CXX_LIBRARY = "libc++";
				CLANG_ENABLE_MODULES = YES;
				CLANG_ENABLE_OBJC_ARC = YES;
				CLANG_WARN_BOOL_CONVERSION = YES;
				CLANG_WARN_CONSTANT_CONVERSION = YES;
				CLANG_WARN_DIRECT_OBJC_ISA_USAGE = YES_ERROR;
				CLANG_WARN_DOCUMENTATION_COMMENTS = YES;
				CLANG_WARN_EMPTY_BODY = YES;
				CLANG_WARN_ENUM_CONVERSION = YES;
				CLANG_WARN_INFINITE_RECURSION = YES;
				CLANG_WARN_INT_CONVERSION = YES;
				CLANG_WARN_OBJC_ROOT_CLASS = YES_ERROR;
				CLANG_WARN_SUSPICIOUS_MOVE = YES;
				CLANG_WARN_UNREACHABLE_CODE = YES;
				CLANG_WARN__DUPLICATE_METHOD_MATCH = YES;
				CODE_SIGN_IDENTITY = "-";
				COPY_PHASE_STRIP = NO;
				DEBUG_INFORMATION_FORMAT = "dwarf-with-dsym";
				ENABLE_NS_ASSERTIONS = NO;
				ENABLE_STRICT_OBJC_MSGSEND = YES;
				GCC_C_LANGUAGE_STANDARD = gnu99;
				GCC_NO_COMMON_BLOCKS = YES;
				GCC_WARN_64_TO_32_BIT_CONVERSION = YES;
				GCC_WARN_ABOUT_RETURN_TYPE = YES_ERROR;
				GCC_WARN_UNDECLARED_SELECTOR = YES;
				GCC_WARN_UNINITIALIZED_AUTOS = YES_AGGRESSIVE;
				GCC_WARN_UNUSED_FUNCTION = YES;
				GCC_WARN_UNUSED_VARIABLE = YES;
				MACOSX_DEPLOYMENT_TARGET = 10.12;
				MTL_ENABLE_DEBUG_INFO = NO;
				SDKROOT = macosx;
				SWIFT_OPTIMIZATION_LEVEL = "-Owholemodule";
			};
			name = Release;
		};
		C782CC9E1EF97830003E6E49 /* Debug */ = {
			isa = XCBuildConfiguration;
			baseConfigurationReference = EF09A1FFCDFD91A842B8BD4D /* Pods-WordCrusher.debug.xcconfig */;
			buildSettings = {
				ASSETCATALOG_COMPILER_APPICON_NAME = AppIcon;
				COMBINE_HIDPI_IMAGES = YES;
				INFOPLIST_FILE = WordCrusher/Info.plist;
				LD_RUNPATH_SEARCH_PATHS = "$(inherited) @executable_path/../Frameworks";
				PRODUCT_BUNDLE_IDENTIFIER = com.scrawlsoft.WordCrusher;
				PRODUCT_NAME = "$(TARGET_NAME)";
				SWIFT_VERSION = 3.0;
			};
			name = Debug;
		};
		C782CC9F1EF97830003E6E49 /* Release */ = {
			isa = XCBuildConfiguration;
			baseConfigurationReference = 12FF4C32E586CA0F1E13CD96 /* Pods-WordCrusher.release.xcconfig */;
			buildSettings = {
				ASSETCATALOG_COMPILER_APPICON_NAME = AppIcon;
				COMBINE_HIDPI_IMAGES = YES;
				INFOPLIST_FILE = WordCrusher/Info.plist;
				LD_RUNPATH_SEARCH_PATHS = "$(inherited) @executable_path/../Frameworks";
				PRODUCT_BUNDLE_IDENTIFIER = com.scrawlsoft.WordCrusher;
				PRODUCT_NAME = "$(TARGET_NAME)";
				SWIFT_VERSION = 3.0;
			};
			name = Release;
		};
		C7EFEEA81EF97A42008D2F78 /* Debug */ = {
			isa = XCBuildConfiguration;
			buildSettings = {
				BUNDLE_LOADER = "$(TEST_HOST)";
				COMBINE_HIDPI_IMAGES = YES;
				INFOPLIST_FILE = WordCrusherTests/Info.plist;
				LD_RUNPATH_SEARCH_PATHS = "$(inherited) @executable_path/../Frameworks @loader_path/../Frameworks";
				PRODUCT_BUNDLE_IDENTIFIER = com.scrawlsoft.WordCrusherTests;
				PRODUCT_NAME = "$(TARGET_NAME)";
				SWIFT_VERSION = 3.0;
				TEST_HOST = "$(BUILT_PRODUCTS_DIR)/WordCrusher.app/Contents/MacOS/WordCrusher";
			};
			name = Debug;
		};
		C7EFEEA91EF97A42008D2F78 /* Release */ = {
			isa = XCBuildConfiguration;
			buildSettings = {
				BUNDLE_LOADER = "$(TEST_HOST)";
				COMBINE_HIDPI_IMAGES = YES;
				INFOPLIST_FILE = WordCrusherTests/Info.plist;
				LD_RUNPATH_SEARCH_PATHS = "$(inherited) @executable_path/../Frameworks @loader_path/../Frameworks";
				PRODUCT_BUNDLE_IDENTIFIER = com.scrawlsoft.WordCrusherTests;
				PRODUCT_NAME = "$(TARGET_NAME)";
				SWIFT_VERSION = 3.0;
				TEST_HOST = "$(BUILT_PRODUCTS_DIR)/WordCrusher.app/Contents/MacOS/WordCrusher";
			};
			name = Release;
		};
/* End XCBuildConfiguration section */

/* Begin XCConfigurationList section */
		C782CC891EF97830003E6E49 /* Build configuration list for PBXProject "WordCrusher" */ = {
			isa = XCConfigurationList;
			buildConfigurations = (
				C782CC9B1EF97830003E6E49 /* Debug */,
				C782CC9C1EF97830003E6E49 /* Release */,
			);
			defaultConfigurationIsVisible = 0;
			defaultConfigurationName = Release;
		};
		C782CC9D1EF97830003E6E49 /* Build configuration list for PBXNativeTarget "WordCrusher" */ = {
			isa = XCConfigurationList;
			buildConfigurations = (
				C782CC9E1EF97830003E6E49 /* Debug */,
				C782CC9F1EF97830003E6E49 /* Release */,
			);
			defaultConfigurationIsVisible = 0;
			defaultConfigurationName = Release;
		};
		C7EFEEAA1EF97A42008D2F78 /* Build configuration list for PBXNativeTarget "WordCrusherTests" */ = {
			isa = XCConfigurationList;
			buildConfigurations = (
				C7EFEEA81EF97A42008D2F78 /* Debug */,
				C7EFEEA91EF97A42008D2F78 /* Release */,
			);
			defaultConfigurationIsVisible = 0;
		};
/* End XCConfigurationList section */
	};
	rootObject = C782CC861EF97830003E6E49 /* Project object */;
}
